{
  "nodes": {
    "home-manager": {
      "inputs": {
        "nixpkgs": [
          "nixpkgs"
        ]
      },
      "locked": {
        "lastModified": 1788642154,
        "narHash": "sha256-sPpQFVaFTDqO/4vvCAhuAhqTgqN/ygu+9eJcs5eB0js=",
        "owner": "nix-community",
        "repo": "home-manager",
        "rev": "fd0956c99c41ae3c13a73a638f1f7e963aebc4ab",
        "type": "github"
      },
      "original": {
        "owner": "nix-community",
        "ref": "release-26.05",
        "repo": "home-manager",
        "type": "github"
      }
    },
    "nixpkgs": {
      "locked": {
        "lastModified": 1788690626,
        "narHash": "sha256-+v4I4LawmRD/mVxO7QIAerRrCkElp3YImzWkkUnvOTg=",
        "owner": "nixos",
        "repo": "nixpkgs",
        "rev": "c25784012c9982bca5b3e0de87e90bbdac8927d3",
        "type": "github"
      },
      "original": {
        "owner": "nixos",
        "ref": "nixos-26.05",
        "repo": "nixpkgs",
        "type": "github"
      }
    },
    "nixpkgs-unstable": {
      "locked": {
        "lastModified": 1788746152,
        "narHash": "sha256-RaKngusl5I8pNi8RfrVvsHq3NZe7eFWzDlb01+hEVqY=",
        "owner": "nixos",
        "repo": "nixpkgs",
        "rev": "42f17a57f4f6e33b3de3dca0a2a5ea5233169d02",
        "type": "github"
      },
      "original": {
        "owner": "nixos",
        "ref": "nixpkgs-unstable",
        "repo": "nixpkgs",
        "type": "github"
      }
    },
    "nixpkgs_2": {
      "locked": {
        "lastModified": 1786862985,
        "narHash": "sha256-FBJRXmbGXiSUDvYEbfLYRkckayyZ6SK1UEqhCrIZ2Cs=",
        "owner": "NixOS",
        "repo": "nixpkgs",
        "rev": "e5bdc4a41d4c072fe1e3787eaa0320a384741d44",
        "type": "github"
      },
      "original": {
        "owner": "NixOS",
        "ref": "nixos-unstable",
        "repo": "nixpkgs",
        "type": "github"
      }
    },
    "proxy-suite": {
      "inputs": {
        "nixpkgs": "nixpkgs_2",
        "zapret": "zapret"
      },
      "locked": {
        "lastModified": 1788670636,
        "narHash": "sha256-5637f9Fkb5vxdBsBtcvfO1BCqMNnWKll67KSSDLfRtw=",
        "owner": "FUFSoB",
        "repo": "proxy-suite-flake",
        "rev": "8cdef28f21ca6d18220a08c479c013ff1ed840e5",
        "type": "github"
      },
      "original": {
        "owner": "FUFSoB",
        "repo": "proxy-suite-flake",
        "type": "github"
      }
    },
    "root": {
      "inputs": {
        "home-manager": "home-manager",
        "nixpkgs": "nixpkgs",
        "nixpkgs-unstable": "nixpkgs-unstable",
        "proxy-suite": "proxy-suite"
      }
    },
    "zapret": {
      "inputs": {
        "nixpkgs": [
          "proxy-suite",
          "nixpkgs"
        ],
        "zapret-flowseal": "zapret-flowseal"
      },
      "locked": {
        "lastModified": 1786907827,
        "narHash": "sha256-FFWwH9QxoPGyMNJvjqPoFlB10pUtQhKkWxNiJWb+gt4=",
        "owner": "kartavkun",
        "repo": "zapret-discord-youtube",
        "rev": "3b99a88a3a199a118558f6063288a01693e48ee7",
        "type": "github"
      },
      "original": {
        "owner": "kartavkun",
        "repo": "zapret-discord-youtube",
        "type": "github"
      }
    },
    "zapret-flowseal": {
      "flake": false,
      "locked": {
        "lastModified": 1786894729,
        "narHash": "sha256-v1A9eiapP3wCfQS33ZBKD7oP3GGqIpSc9yF11VYpexI=",
        "owner": "Flowseal",
        "repo": "zapret-discord-youtube",
        "rev": "1112e479e5a4a669fc3fabfcdbba8b2443cfdcf6",
        "type": "github"
      },
      "original": {
        "owner": "Flowseal",
        "repo": "zapret-discord-youtube",
        "type": "github"
      }
    }
  },
  "root": "root",
  "version": 7
}
